<?xml version="1.0" encoding="utf-8"?>
<Project ToolsVersion="4.0" xmlns="http://schemas.microsoft.com/developer/msbuild/2003">
  <ItemGroup>
    <Filter Include="Renderers">
      <UniqueIdentifier>{CAA6DA3E-0F5F-0746-A29C-81A751117257}</UniqueIdentifier>
    </Filter>
    <Filter Include="Renderers\Allegro">
      <UniqueIdentifier>{223CCBAD-5895-9946-BBC2-A31C4DAA9454}</UniqueIdentifier>
    </Filter>
  </ItemGroup>
  <ItemGroup>
    <ClCompile Include="..\..\..\Renderers\Allegro\Allegro.cpp">
      <Filter>Renderers\Allegro</Filter>
    </ClCompile>
  </ItemGroup>
</Project>
