<?xml version="1.0" encoding="utf-8"?>
<Project ToolsVersion="4.0" xmlns="http://schemas.microsoft.com/developer/msbuild/2003">
  <ItemGroup>
    <Filter Include="Renderers">
      <UniqueIdentifier>{D7C39751-6FC3-EB49-95B7-E5D324554182}</UniqueIdentifier>
    </Filter>
    <Filter Include="Renderers\OpenGL">
      <UniqueIdentifier>{26B51C90-EEBF-9341-9556-26CED71D28E3}</UniqueIdentifier>
    </Filter>
    <Filter Include="Renderers\OpenGL\DebugFont">
      <UniqueIdentifier>{5CF87422-F61B-814F-AE32-EDA215C94403}</UniqueIdentifier>
    </Filter>
  </ItemGroup>
  <ItemGroup>
    <ClCompile Include="..\..\..\Renderers\OpenGL\OpenGL.cpp">
      <Filter>Renderers\OpenGL</Filter>
    </ClCompile>
    <ClCompile Include="..\..\..\Renderers\OpenGL\DebugFont\OpenGL_DebugFont.cpp">
      <Filter>Renderers\OpenGL\DebugFont</Filter>
    </ClCompile>
  </ItemGroup>
</Project>
