<?xml version="1.0" encoding="utf-8"?>
<Project ToolsVersion="4.0" xmlns="http://schemas.microsoft.com/developer/msbuild/2003">
  <ItemGroup>
    <Filter Include="Renderers">
      <UniqueIdentifier>{BCE9667D-A5CB-E34D-8A9E-89B61FB4FF9C}</UniqueIdentifier>
    </Filter>
    <Filter Include="Renderers\OpenGL">
      <UniqueIdentifier>{07DF3A95-06B0-9F46-A83C-0A169F0B130A}</UniqueIdentifier>
    </Filter>
    <Filter Include="Renderers\OpenGL\DebugFont">
      <UniqueIdentifier>{8DAA276C-E879-E542-BBBB-3424112323A5}</UniqueIdentifier>
    </Filter>
  </ItemGroup>
  <ItemGroup>
    <ClCompile Include="..\..\..\Renderers\OpenGL\OpenGL.cpp">
      <Filter>Renderers\OpenGL</Filter>
    </ClCompile>
    <ClCompile Include="..\..\..\Renderers\OpenGL\DebugFont\OpenGL_DebugFont.cpp">
      <Filter>Renderers\OpenGL\DebugFont</Filter>
    </ClCompile>
  </ItemGroup>
</Project>
