<?xml version="1.0" encoding="utf-8"?>
<Project ToolsVersion="4.0" xmlns="http://schemas.microsoft.com/developer/msbuild/2003">
  <ItemGroup>
    <Filter Include="Samples">
      <UniqueIdentifier>{B8A6FCCE-9F0E-F74F-9581-32D7546BC973}</UniqueIdentifier>
    </Filter>
    <Filter Include="Samples\CrossPlatform">
      <UniqueIdentifier>{D181C777-B7CB-C94D-90F1-9A82D8C8170F}</UniqueIdentifier>
    </Filter>
  </ItemGroup>
  <ItemGroup>
    <ClCompile Include="..\..\..\Samples\CrossPlatform\CrossPlatform.cpp">
      <Filter>Samples\CrossPlatform</Filter>
    </ClCompile>
  </ItemGroup>
</Project>
