<?xml version="1.0" encoding="utf-8"?>
<Project ToolsVersion="4.0" xmlns="http://schemas.microsoft.com/developer/msbuild/2003">
  <ItemGroup>
    <Filter Include="Samples">
      <UniqueIdentifier>{26387B1E-910C-C047-A4C2-42A694EC8644}</UniqueIdentifier>
    </Filter>
    <Filter Include="Samples\Allegro">
      <UniqueIdentifier>{3B7C93E3-F4AF-BB4D-AEB3-229BC0F59B5D}</UniqueIdentifier>
    </Filter>
  </ItemGroup>
  <ItemGroup>
    <ClCompile Include="..\..\..\Samples\Allegro\AllegroSample.cpp">
      <Filter>Samples\Allegro</Filter>
    </ClCompile>
  </ItemGroup>
</Project>
