<?xml version="1.0" encoding="utf-8"?>
<Project ToolsVersion="4.0" xmlns="http://schemas.microsoft.com/developer/msbuild/2003">
  <ItemGroup>
    <Filter Include="Samples">
      <UniqueIdentifier>{5359CB55-4775-6F43-89FD-63F10FED4367}</UniqueIdentifier>
    </Filter>
    <Filter Include="Samples\SFML">
      <UniqueIdentifier>{E8780810-792B-914E-A03B-49D2FEAF6D14}</UniqueIdentifier>
    </Filter>
  </ItemGroup>
  <ItemGroup>
    <ClCompile Include="..\..\..\Samples\SFML\SFML.cpp">
      <Filter>Samples\SFML</Filter>
    </ClCompile>
  </ItemGroup>
</Project>
