<?xml version="1.0" encoding="utf-8"?>
<Project ToolsVersion="4.0" xmlns="http://schemas.microsoft.com/developer/msbuild/2003">
  <ItemGroup>
    <Filter Include="Samples">
      <UniqueIdentifier>{3EBF9A13-9379-2448-895E-59C7436CF1D2}</UniqueIdentifier>
    </Filter>
    <Filter Include="Samples\OpenGL">
      <UniqueIdentifier>{3884D0BE-3971-1943-A711-AEA9BCF16239}</UniqueIdentifier>
    </Filter>
  </ItemGroup>
  <ItemGroup>
    <ClCompile Include="..\..\..\Samples\OpenGL\OpenGLSample.cpp">
      <Filter>Samples\OpenGL</Filter>
    </ClCompile>
  </ItemGroup>
</Project>
