<?xml version="1.0" encoding="utf-8"?>
<Project ToolsVersion="4.0" xmlns="http://schemas.microsoft.com/developer/msbuild/2003">
  <ItemGroup>
    <Filter Include="Samples">
      <UniqueIdentifier>{F5D6C1D4-AF1B-B047-924A-58DC0A82AA06}</UniqueIdentifier>
    </Filter>
    <Filter Include="Samples\WindowsGDI">
      <UniqueIdentifier>{3CF2ABDF-23A2-5943-909A-55A040846763}</UniqueIdentifier>
    </Filter>
  </ItemGroup>
  <ItemGroup>
    <ClCompile Include="..\..\..\Samples\WindowsGDI\WindowsGDI.cpp">
      <Filter>Samples\WindowsGDI</Filter>
    </ClCompile>
  </ItemGroup>
</Project>
