<?xml version="1.0" encoding="utf-8"?>
<Project ToolsVersion="4.0" xmlns="http://schemas.microsoft.com/developer/msbuild/2003">
  <ItemGroup>
    <Filter Include="Samples">
      <UniqueIdentifier>{9CEF82AC-88C3-A54F-AD60-E2FF312A7CC6}</UniqueIdentifier>
    </Filter>
    <Filter Include="Samples\SFML2">
      <UniqueIdentifier>{E5953699-F118-AE43-AFF1-DF7729453FF4}</UniqueIdentifier>
    </Filter>
  </ItemGroup>
  <ItemGroup>
    <ClCompile Include="..\..\..\Samples\SFML2\SFML2.cpp">
      <Filter>Samples\SFML2</Filter>
    </ClCompile>
  </ItemGroup>
</Project>
